<?xml version="1.0" encoding="utf-8"?>
<Project ToolsVersion="4.0" xmlns="http://schemas.microsoft.com/developer/msbuild/2003">
  <ItemGroup>
    <ClCompile Include="Button.cpp">
      <Filter>FlameUI\sources</Filter>
    </ClCompile>
    <ClCompile Include="Chart.cpp">
      <Filter>FlameUI\sources</Filter>
    </ClCompile>
    <ClCompile Include="CheckBox.cpp">
      <Filter>FlameUI\sources</Filter>
    </ClCompile>
    <ClCompile Include="D3DViewPort.cpp">
      <Filter>FlameUI\sources</Filter>
    </ClCompile>
    <ClCompile Include="DockProvider.cpp">
      <Filter>FlameUI\sources</Filter>
    </ClCompile>
    <ClCompile Include="Dropdown.cpp">
      <Filter>FlameUI\sources</Filter>
    </ClCompile>
    <ClCompile Include="FlameUI.cpp">
      <Filter>FlameUI\sources</Filter>
    </ClCompile>
    <ClCompile Include="Frame.cpp">
      <Filter>FlameUI\sources</Filter>
    </ClCompile>
    <ClCompile Include="Image.cpp">
      <Filter>FlameUI\sources</Filter>
    </ClCompile>
    <ClCompile Include="ImGui.cpp">
      <Filter>FlameUI\sources</Filter>
    </ClCompile>
    <ClCompile Include="ImGuiCanvas.cpp">
      <Filter>FlameUI\sources</Filter>
    </ClCompile>
    <ClCompile Include="InputCheckWindow.cpp">
      <Filter>XCon</Filter>
    </ClCompile>
    <ClCompile Include="Label.cpp">
      <Filter>FlameUI\sources</Filter>
    </ClCompile>
    <ClCompile Include="LinearPlacer.cpp">
      <Filter>FlameUI\sources</Filter>
    </ClCompile>
    <ClCompile Include="main.cpp">
      <Filter>XCon</Filter>
    </ClCompile>
    <ClCompile Include="Menu.cpp">
      <Filter>FlameUI\sources</Filter>
    </ClCompile>
    <ClCompile Include="MenuBar.cpp">
      <Filter>FlameUI\sources</Filter>
    </ClCompile>
    <ClCompile Include="MenuFrame.cpp">
      <Filter>FlameUI\sources</Filter>
    </ClCompile>
    <ClCompile Include="MenuPainter.cpp">
      <Filter>FlameUI\sources</Filter>
    </ClCompile>
    <ClCompile Include="Panel.cpp">
      <Filter>FlameUI\sources</Filter>
    </ClCompile>
    <ClCompile Include="RadioButton.cpp">
      <Filter>FlameUI\sources</Filter>
    </ClCompile>
    <ClCompile Include="RootView.cpp">
      <Filter>FlameUI\sources</Filter>
    </ClCompile>
    <ClCompile Include="Scroller.cpp">
      <Filter>FlameUI\sources</Filter>
    </ClCompile>
    <ClCompile Include="ScrollView.cpp">
      <Filter>FlameUI\sources</Filter>
    </ClCompile>
    <ClCompile Include="SectionBar.cpp">
      <Filter>FlameUI\sources</Filter>
    </ClCompile>
    <ClCompile Include="SeperatorHandle.cpp">
      <Filter>FlameUI\sources</Filter>
    </ClCompile>
    <ClCompile Include="SheetView.cpp">
      <Filter>FlameUI\sources</Filter>
    </ClCompile>
    <ClCompile Include="TextEditBase.cpp">
      <Filter>FlameUI\sources</Filter>
    </ClCompile>
    <ClCompile Include="TextEditor.cpp">
      <Filter>FlameUI\sources</Filter>
    </ClCompile>
    <ClCompile Include="ThreeList.cpp">
      <Filter>FlameUI\sources</Filter>
    </ClCompile>
    <ClCompile Include="Toggle.cpp">
      <Filter>FlameUI\sources</Filter>
    </ClCompile>
    <ClCompile Include="VideoPlayer.cpp">
      <Filter>FlameUI\sources</Filter>
    </ClCompile>
    <ClCompile Include="View.cpp">
      <Filter>FlameUI\sources</Filter>
    </ClCompile>
    <ClCompile Include="XInputCehcker.cpp">
      <Filter>XCon</Filter>
    </ClCompile>
    <ClCompile Include="FlirecViewer.cpp">
      <Filter>XCon</Filter>
    </ClCompile>
    <ClCompile Include="MavProcess.cpp">
      <Filter>XCon</Filter>
    </ClCompile>
    <ClCompile Include="OSDOverlay.cpp">
      <Filter>XCon</Filter>
    </ClCompile>
    <ClCompile Include="AttitudeMeeter.cpp">
      <Filter>XCon</Filter>
    </ClCompile>
    <ClCompile Include="Transmission.cpp">
      <Filter>XCon</Filter>
    </ClCompile>
    <ClCompile Include="ControllWindow.cpp">
      <Filter>XCon</Filter>
    </ClCompile>
    <ClCompile Include="CalibrationWindow.cpp">
      <Filter>XCon</Filter>
    </ClCompile>
    <ClCompile Include="DSPWindow.cpp">
      <Filter>XCon</Filter>
    </ClCompile>
    <ClCompile Include="SharedImpl.cpp">
      <Filter>Sharp</Filter>
    </ClCompile>
    <ClCompile Include="StlImpl.cpp">
      <Filter>Sharp</Filter>
    </ClCompile>
    <ClCompile Include="Win32impl.cpp">
      <Filter>Sharp</Filter>
    </ClCompile>
    <ClCompile Include="OFDMModulator.cpp">
      <Filter>dsp</Filter>
    </ClCompile>
  </ItemGroup>
  <ItemGroup>
    <ClInclude Include="basictypes.h">
      <Filter>FlameUI\headers</Filter>
    </ClInclude>
    <ClInclude Include="Button.h">
      <Filter>FlameUI\headers</Filter>
    </ClInclude>
    <ClInclude Include="Chart.h">
      <Filter>FlameUI\headers</Filter>
    </ClInclude>
    <ClInclude Include="CheckBox.h">
      <Filter>FlameUI\headers</Filter>
    </ClInclude>
    <ClInclude Include="D3DViewPort.h">
      <Filter>FlameUI\headers</Filter>
    </ClInclude>
    <ClInclude Include="DockProvider.h">
      <Filter>FlameUI\headers</Filter>
    </ClInclude>
    <ClInclude Include="Dropdown.h">
      <Filter>FlameUI\headers</Filter>
    </ClInclude>
    <ClInclude Include="FlameUI.h">
      <Filter>FlameUI\headers</Filter>
    </ClInclude>
    <ClInclude Include="Frame.h">
      <Filter>FlameUI\headers</Filter>
    </ClInclude>
    <ClInclude Include="Frames.h">
      <Filter>XCon</Filter>
    </ClInclude>
    <ClInclude Include="IDockProvider.h">
      <Filter>FlameUI\headers</Filter>
    </ClInclude>
    <ClInclude Include="Image.h">
      <Filter>FlameUI\headers</Filter>
    </ClInclude>
    <ClInclude Include="ImGui.h">
      <Filter>FlameUI\headers</Filter>
    </ClInclude>
    <ClInclude Include="ImGuiCanvas.h">
      <Filter>FlameUI\headers</Filter>
    </ClInclude>
    <ClInclude Include="Input.h">
      <Filter>FlameUI\headers</Filter>
    </ClInclude>
    <ClInclude Include="IReflectable.h">
      <Filter>FlameUI\headers</Filter>
    </ClInclude>
    <ClInclude Include="XInputCehcker.h">
      <Filter>XCon</Filter>
    </ClInclude>
    <ClInclude Include="Label.h">
      <Filter>FlameUI\headers</Filter>
    </ClInclude>
    <ClInclude Include="LinearPlacer.h">
      <Filter>FlameUI\headers</Filter>
    </ClInclude>
    <ClInclude Include="Math3Df.h">
      <Filter>FlameUI\headers</Filter>
    </ClInclude>
    <ClInclude Include="Menu.h">
      <Filter>FlameUI\headers</Filter>
    </ClInclude>
    <ClInclude Include="MenuBar.h">
      <Filter>FlameUI\headers</Filter>
    </ClInclude>
    <ClInclude Include="MenuFrame.h">
      <Filter>FlameUI\headers</Filter>
    </ClInclude>
    <ClInclude Include="MenuPainter.h">
      <Filter>FlameUI\headers</Filter>
    </ClInclude>
    <ClInclude Include="Panel.h">
      <Filter>FlameUI\headers</Filter>
    </ClInclude>
    <ClInclude Include="RadioButton.h">
      <Filter>FlameUI\headers</Filter>
    </ClInclude>
    <ClInclude Include="RootView.h">
      <Filter>FlameUI\headers</Filter>
    </ClInclude>
    <ClInclude Include="Scroller.h">
      <Filter>FlameUI\headers</Filter>
    </ClInclude>
    <ClInclude Include="ScrollView.h">
      <Filter>FlameUI\headers</Filter>
    </ClInclude>
    <ClInclude Include="SectionBar.h">
      <Filter>FlameUI\headers</Filter>
    </ClInclude>
    <ClInclude Include="SeperatorHandle.h">
      <Filter>FlameUI\headers</Filter>
    </ClInclude>
    <ClInclude Include="SheetView.h">
      <Filter>FlameUI\headers</Filter>
    </ClInclude>
    <ClInclude Include="TextEditBase.h">
      <Filter>FlameUI\headers</Filter>
    </ClInclude>
    <ClInclude Include="TextEditor.h">
      <Filter>FlameUI\headers</Filter>
    </ClInclude>
    <ClInclude Include="ThreeList.h">
      <Filter>FlameUI\headers</Filter>
    </ClInclude>
    <ClInclude Include="Toggle.h">
      <Filter>FlameUI\headers</Filter>
    </ClInclude>
    <ClInclude Include="VideoPlayer.h">
      <Filter>FlameUI\headers</Filter>
    </ClInclude>
    <ClInclude Include="View.h">
      <Filter>FlameUI\headers</Filter>
    </ClInclude>
    <ClInclude Include="XCon.h">
      <Filter>XCon</Filter>
    </ClInclude>
    <ClInclude Include="global.h">
      <Filter>XCon</Filter>
    </ClInclude>
    <ClInclude Include="FlameUIBasics.h">
      <Filter>FlameUI\headers</Filter>
    </ClInclude>
    <ClInclude Include="FlirecViewer.h">
      <Filter>XCon</Filter>
    </ClInclude>
    <ClInclude Include="OSDOverlay.h">
      <Filter>XCon</Filter>
    </ClInclude>
    <ClInclude Include="AttitudeMeeter.h">
      <Filter>XCon</Filter>
    </ClInclude>
    <ClInclude Include="ControlPack.h">
      <Filter>XCon</Filter>
    </ClInclude>
    <ClInclude Include="Transmission.h">
      <Filter>XCon</Filter>
    </ClInclude>
    <ClInclude Include="DSPWindow.h">
      <Filter>XCon</Filter>
    </ClInclude>
    <ClInclude Include="fft.h">
      <Filter>dsp</Filter>
    </ClInclude>
    <ClInclude Include="Sharp.h">
      <Filter>Sharp</Filter>
    </ClInclude>
    <ClInclude Include="OFDMModulator.h">
      <Filter>dsp</Filter>
    </ClInclude>
  </ItemGroup>
  <ItemGroup>
    <Filter Include="FlameUI">
      <UniqueIdentifier>{4b851d52-d4ad-479d-9b37-833ee19e5833}</UniqueIdentifier>
    </Filter>
    <Filter Include="XCon">
      <UniqueIdentifier>{5793a68c-cc41-4ad7-82b6-36e1b59091dc}</UniqueIdentifier>
    </Filter>
    <Filter Include="FlameUI\headers">
      <UniqueIdentifier>{410cce83-9bb4-430c-a015-0fb886dabd33}</UniqueIdentifier>
    </Filter>
    <Filter Include="FlameUI\sources">
      <UniqueIdentifier>{8978f414-e4a6-472e-a720-2280996f1863}</UniqueIdentifier>
    </Filter>
    <Filter Include="dsp">
      <UniqueIdentifier>{a4d1f615-92b6-42c5-a720-bde05da39c27}</UniqueIdentifier>
    </Filter>
    <Filter Include="Sharp">
      <UniqueIdentifier>{40585aa5-68a0-4f5e-9b78-ded64ff7d194}</UniqueIdentifier>
    </Filter>
  </ItemGroup>
</Project>